// !$*UTF8*$!
{
	archiveVersion = 1;
	classes = {
	};
	objectVersion = 46;
	objects = {

/* Begin PBXBuildFile section */
		414A357D562E84568F0D6B79 /* Pods_RainyShine.framework in Frameworks */ = {isa = PBXBuildFile; fileRef = 43C674B2ABBF8603AF1D5F30 /* Pods_RainyShine.framework */; };
		9B3329861EDA12AF0095D60C /* AppDelegate.swift in Sources */ = {isa = PBXBuildFile; fileRef = 9B3329851EDA12AF0095D60C /* AppDelegate.swift */; };
		9B3329881EDA12AF0095D60C /* ViewController.swift in Sources */ = {isa = PBXBuildFile; fileRef = 9B3329871EDA12AF0095D60C /* ViewController.swift */; };
		9B33298B1EDA12AF0095D60C /* Main.storyboard in Resources */ = {isa = PBXBuildFile; fileRef = 9B3329891EDA12AF0095D60C /* Main.storyboard */; };
		9B33298D1EDA12AF0095D60C /* Assets.xcassets in Resources */ = {isa = PBXBuildFile; fileRef = 9B33298C1EDA12AF0095D60C /* Assets.xcassets */; };
		9B3329901EDA12AF0095D60C /* LaunchScreen.storyboard in Resources */ = {isa = PBXBuildFile; fileRef = 9B33298E1EDA12AF0095D60C /* LaunchScreen.storyboard */; };
		9B33299B1EDA12AF0095D60C /* RainyShineTests.swift in Sources */ = {isa = PBXBuildFile; fileRef = 9B33299A1EDA12AF0095D60C /* RainyShineTests.swift */; };
		9B3329A61EDA12AF0095D60C /* RainyShineUITests.swift in Sources */ = {isa = PBXBuildFile; fileRef = 9B3329A51EDA12AF0095D60C /* RainyShineUITests.swift */; };
		AC5179AD9B8764DDFE43CBDA /* Pods_RainyShineTests.framework in Frameworks */ = {isa = PBXBuildFile; fileRef = CC357A3EB26090A838935946 /* Pods_RainyShineTests.framework */; };
		B50D27EA674D46C16E9CDE05 /* Pods_RainyShineUITests.framework in Frameworks */ = {isa = PBXBuildFile; fileRef = 604D76F6B746788804F2F749 /* Pods_RainyShineUITests.framework */; };
/* End PBXBuildFile section */

/* Begin PBXContainerItemProxy section */
		9B3329971EDA12AF0095D60C /* PBXContainerItemProxy */ = {
			isa = PBXContainerItemProxy;
			containerPortal = 9B33297A1EDA12AF0095D60C /* Project object */;
			proxyType = 1;
			remoteGlobalIDString = 9B3329811EDA12AF0095D60C;
			remoteInfo = RainyShine;
		};
		9B3329A21EDA12AF0095D60C /* PBXContainerItemProxy */ = {
			isa = PBXContainerItemProxy;
			containerPortal = 9B33297A1EDA12AF0095D60C /* Project object */;
			proxyType = 1;
			remoteGlobalIDString = 9B3329811EDA12AF0095D60C;
			remoteInfo = RainyShine;
		};
/* End PBXContainerItemProxy section */

/* Begin PBXFileReference section */
		32EC1D6780AF038FF7A55D15 /* Pods-RainyShineTests.debug.xcconfig */ = {isa = PBXFileReference; includeInIndex = 1; lastKnownFileType = text.xcconfig; name = "Pods-RainyShineTests.debug.xcconfig"; path = "Pods/Target Support Files/Pods-RainyShineTests/Pods-RainyShineTests.debug.xcconfig"; sourceTree = "<group>"; };
		428C6F7D354D6177A5F3F2C1 /* Pods-RainyShine.debug.xcconfig */ = {isa = PBXFileReference; includeInIndex = 1; lastKnownFileType = text.xcconfig; name = "Pods-RainyShine.debug.xcconfig"; path = "Pods/Target Support Files/Pods-RainyShine/Pods-RainyShine.debug.xcconfig"; sourceTree = "<group>"; };
		43C674B2ABBF8603AF1D5F30 /* Pods_RainyShine.framework */ = {isa = PBXFileReference; explicitFileType = wrapper.framework; includeInIndex = 0; path = Pods_RainyShine.framework; sourceTree = BUILT_PRODUCTS_DIR; };
		4B2C003353B1D7C690D49D06 /* Pods-RainyShineUITests.release.xcconfig */ = {isa = PBXFileReference; includeInIndex = 1; lastKnownFileType = text.xcconfig; name = "Pods-RainyShineUITests.release.xcconfig"; path = "Pods/Target Support Files/Pods-RainyShineUITests/Pods-RainyShineUITests.release.xcconfig"; sourceTree = "<group>"; };
		4BC7040420D4DA3DCEBD3D71 /* Pods-RainyShineTests.release.xcconfig */ = {isa = PBXFileReference; includeInIndex = 1; lastKnownFileType = text.xcconfig; name = "Pods-RainyShineTests.release.xcconfig"; path = "Pods/Target Support Files/Pods-RainyShineTests/Pods-RainyShineTests.release.xcconfig"; sourceTree = "<group>"; };
		50438D50C74EA810C84EA8A7 /* Pods-RainyShine.release.xcconfig */ = {isa = PBXFileReference; includeInIndex = 1; lastKnownFileType = text.xcconfig; name = "Pods-RainyShine.release.xcconfig"; path = "Pods/Target Support Files/Pods-RainyShine/Pods-RainyShine.release.xcconfig"; sourceTree = "<group>"; };
		604D76F6B746788804F2F749 /* Pods_RainyShineUITests.framework */ = {isa = PBXFileReference; explicitFileType = wrapper.framework; includeInIndex = 0; path = Pods_RainyShineUITests.framework; sourceTree = BUILT_PRODUCTS_DIR; };
		8817AFF109FBE16C79470736 /* Pods-RainyShineUITests.debug.xcconfig */ = {isa = PBXFileReference; includeInIndex = 1; lastKnownFileType = text.xcconfig; name = "Pods-RainyShineUITests.debug.xcconfig"; path = "Pods/Target Support Files/Pods-RainyShineUITests/Pods-RainyShineUITests.debug.xcconfig"; sourceTree = "<group>"; };
		9B3329821EDA12AF0095D60C /* RainyShine.app */ = {isa = PBXFileReference; explicitFileType = wrapper.application; includeInIndex = 0; path = RainyShine.app; sourceTree = BUILT_PRODUCTS_DIR; };
		9B3329851EDA12AF0095D60C /* AppDelegate.swift */ = {isa = PBXFileReference; lastKnownFileType = sourcecode.swift; path = AppDelegate.swift; sourceTree = "<group>"; };
		9B3329871EDA12AF0095D60C /* ViewController.swift */ = {isa = PBXFileReference; lastKnownFileType = sourcecode.swift; path = ViewController.swift; sourceTree = "<group>"; };
		9B33298A1EDA12AF0095D60C /* Base */ = {isa = PBXFileReference; lastKnownFileType = file.storyboard; name = Base; path = Base.lproj/Main.storyboard; sourceTree = "<group>"; };
		9B33298C1EDA12AF0095D60C /* Assets.xcassets */ = {isa = PBXFileReference; lastKnownFileType = folder.assetcatalog; path = Assets.xcassets; sourceTree = "<group>"; };
		9B33298F1EDA12AF0095D60C /* Base */ = {isa = PBXFileReference; lastKnownFileType = file.storyboard; name = Base; path = Base.lproj/LaunchScreen.storyboard; sourceTree = "<group>"; };
		9B3329911EDA12AF0095D60C /* Info.plist */ = {isa = PBXFileReference; lastKnownFileType = text.plist.xml; path = Info.plist; sourceTree = "<group>"; };
		9B3329961EDA12AF0095D60C /* RainyShineTests.xctest */ = {isa = PBXFileReference; explicitFileType = wrapper.cfbundle; includeInIndex = 0; path = RainyShineTests.xctest; sourceTree = BUILT_PRODUCTS_DIR; };
		9B33299A1EDA12AF0095D60C /* RainyShineTests.swift */ = {isa = PBXFileReference; lastKnownFileType = sourcecode.swift; path = RainyShineTests.swift; sourceTree = "<group>"; };
		9B33299C1EDA12AF0095D60C /* Info.plist */ = {isa = PBXFileReference; lastKnownFileType = text.plist.xml; path = Info.plist; sourceTree = "<group>"; };
		9B3329A11EDA12AF0095D60C /* RainyShineUITests.xctest */ = {isa = PBXFileReference; explicitFileType = wrapper.cfbundle; includeInIndex = 0; path = RainyShineUITests.xctest; sourceTree = BUILT_PRODUCTS_DIR; };
		9B3329A51EDA12AF0095D60C /* RainyShineUITests.swift */ = {isa = PBXFileReference; lastKnownFileType = sourcecode.swift; path = RainyShineUITests.swift; sourceTree = "<group>"; };
		9B3329A71EDA12AF0095D60C /* Info.plist */ = {isa = PBXFileReference; lastKnownFileType = text.plist.xml; path = Info.plist; sourceTree = "<group>"; };
		CC357A3EB26090A838935946 /* Pods_RainyShineTests.framework */ = {isa = PBXFileReference; explicitFileType = wrapper.framework; includeInIndex = 0; path = Pods_RainyShineTests.framework; sourceTree = BUILT_PRODUCTS_DIR; };
/* End PBXFileReference section */

/* Begin PBXFrameworksBuildPhase section */
		9B33297F1EDA12AF0095D60C /* Frameworks */ = {
			isa = PBXFrameworksBuildPhase;
			buildActionMask = 2147483647;
			files = (
				414A357D562E84568F0D6B79 /* Pods_RainyShine.framework in Frameworks */,
			);
			runOnlyForDeploymentPostprocessing = 0;
		};
		9B3329931EDA12AF0095D60C /* Frameworks */ = {
			isa = PBXFrameworksBuildPhase;
			buildActionMask = 2147483647;
			files = (
				AC5179AD9B8764DDFE43CBDA /* Pods_RainyShineTests.framework in Frameworks */,
			);
			runOnlyForDeploymentPostprocessing = 0;
		};
		9B33299E1EDA12AF0095D60C /* Frameworks */ = {
			isa = PBXFrameworksBuildPhase;
			buildActionMask = 2147483647;
			files = (
				B50D27EA674D46C16E9CDE05 /* Pods_RainyShineUITests.framework in Frameworks */,
			);
			runOnlyForDeploymentPostprocessing = 0;
		};
/* End PBXFrameworksBuildPhase section */

/* Begin PBXGroup section */
		780D8AEF6D0C3CEB506009BD /* Pods */ = {
			isa = PBXGroup;
			children = (
				428C6F7D354D6177A5F3F2C1 /* Pods-RainyShine.debug.xcconfig */,
				50438D50C74EA810C84EA8A7 /* Pods-RainyShine.release.xcconfig */,
				32EC1D6780AF038FF7A55D15 /* Pods-RainyShineTests.debug.xcconfig */,
				4BC7040420D4DA3DCEBD3D71 /* Pods-RainyShineTests.release.xcconfig */,
				8817AFF109FBE16C79470736 /* Pods-RainyShineUITests.debug.xcconfig */,
				4B2C003353B1D7C690D49D06 /* Pods-RainyShineUITests.release.xcconfig */,
			);
			name = Pods;
			sourceTree = "<group>";
		};
		7F4B22CE2D265EE80864142E /* Frameworks */ = {
			isa = PBXGroup;
			children = (
				43C674B2ABBF8603AF1D5F30 /* Pods_RainyShine.framework */,
				CC357A3EB26090A838935946 /* Pods_RainyShineTests.framework */,
				604D76F6B746788804F2F749 /* Pods_RainyShineUITests.framework */,
			);
			name = Frameworks;
			sourceTree = "<group>";
		};
		9B3329791EDA12AF0095D60C = {
			isa = PBXGroup;
			children = (
				9B3329841EDA12AF0095D60C /* RainyShine */,
				9B3329991EDA12AF0095D60C /* RainyShineTests */,
				9B3329A41EDA12AF0095D60C /* RainyShineUITests */,
				9B3329831EDA12AF0095D60C /* Products */,
				780D8AEF6D0C3CEB506009BD /* Pods */,
				7F4B22CE2D265EE80864142E /* Frameworks */,
			);
			sourceTree = "<group>";
		};
		9B3329831EDA12AF0095D60C /* Products */ = {
			isa = PBXGroup;
			children = (
				9B3329821EDA12AF0095D60C /* RainyShine.app */,
				9B3329961EDA12AF0095D60C /* RainyShineTests.xctest */,
				9B3329A11EDA12AF0095D60C /* RainyShineUITests.xctest */,
			);
			name = Products;
			sourceTree = "<group>";
		};
		9B3329841EDA12AF0095D60C /* RainyShine */ = {
			isa = PBXGroup;
			children = (
				9B3329851EDA12AF0095D60C /* AppDelegate.swift */,
				9B3329871EDA12AF0095D60C /* ViewController.swift */,
				9B3329891EDA12AF0095D60C /* Main.storyboard */,
				9B33298C1EDA12AF0095D60C /* Assets.xcassets */,
				9B33298E1EDA12AF0095D60C /* LaunchScreen.storyboard */,
				9B3329911EDA12AF0095D60C /* Info.plist */,
			);
			path = RainyShine;
			sourceTree = "<group>";
		};
		9B3329991EDA12AF0095D60C /* RainyShineTests */ = {
			isa = PBXGroup;
			children = (
				9B33299A1EDA12AF0095D60C /* RainyShineTests.swift */,
				9B33299C1EDA12AF0095D60C /* Info.plist */,
			);
			path = RainyShineTests;
			sourceTree = "<group>";
		};
		9B3329A41EDA12AF0095D60C /* RainyShineUITests */ = {
			isa = PBXGroup;
			children = (
				9B3329A51EDA12AF0095D60C /* RainyShineUITests.swift */,
				9B3329A71EDA12AF0095D60C /* Info.plist */,
			);
			path = RainyShineUITests;
			sourceTree = "<group>";
		};
/* End PBXGroup section */

/* Begin PBXNativeTarget section */
		9B3329811EDA12AF0095D60C /* RainyShine */ = {
			isa = PBXNativeTarget;
			buildConfigurationList = 9B3329AA1EDA12AF0095D60C /* Build configuration list for PBXNativeTarget "RainyShine" */;
			buildPhases = (
				3A3C76B1CB8148E9DE956BBA /* [CP] Check Pods Manifest.lock */,
				9B33297E1EDA12AF0095D60C /* Sources */,
				9B33297F1EDA12AF0095D60C /* Frameworks */,
				9B3329801EDA12AF0095D60C /* Resources */,
				21D446CD7B8182560E462A07 /* [CP] Embed Pods Frameworks */,
				2AA2D242FDF7991E34A7F276 /* [CP] Copy Pods Resources */,
			);
			buildRules = (
			);
			dependencies = (
			);
			name = RainyShine;
			productName = RainyShine;
			productReference = 9B3329821EDA12AF0095D60C /* RainyShine.app */;
			productType = "com.apple.product-type.application";
		};
		9B3329951EDA12AF0095D60C /* RainyShineTests */ = {
			isa = PBXNativeTarget;
			buildConfigurationList = 9B3329AD1EDA12AF0095D60C /* Build configuration list for PBXNativeTarget "RainyShineTests" */;
			buildPhases = (
				E91F17CD8CFC5A0177B2DAEF /* [CP] Check Pods Manifest.lock */,
				9B3329921EDA12AF0095D60C /* Sources */,
				9B3329931EDA12AF0095D60C /* Frameworks */,
				9B3329941EDA12AF0095D60C /* Resources */,
				FB600364E279F39DDE359476 /* [CP] Embed Pods Frameworks */,
				13B814C3F7BC2A4D8F679E1D /* [CP] Copy Pods Resources */,
			);
			buildRules = (
			);
			dependencies = (
				9B3329981EDA12AF0095D60C /* PBXTargetDependency */,
			);
			name = RainyShineTests;
			productName = RainyShineTests;
			productReference = 9B3329961EDA12AF0095D60C /* RainyShineTests.xctest */;
			productType = "com.apple.product-type.bundle.unit-test";
		};
		9B3329A01EDA12AF0095D60C /* RainyShineUITests */ = {
			isa = PBXNativeTarget;
			buildConfigurationList = 9B3329B01EDA12AF0095D60C /* Build configuration list for PBXNativeTarget "RainyShineUITests" */;
			buildPhases = (
				7760DC7241268AD979710D61 /* [CP] Check Pods Manifest.lock */,
				9B33299D1EDA12AF0095D60C /* Sources */,
				9B33299E1EDA12AF0095D60C /* Frameworks */,
				9B33299F1EDA12AF0095D60C /* Resources */,
				F3BF4B0B33E08FEA84BF3594 /* [CP] Embed Pods Frameworks */,
				A68966551399BFE03C520DD4 /* [CP] Copy Pods Resources */,
			);
			buildRules = (
			);
			dependencies = (
				9B3329A31EDA12AF0095D60C /* PBXTargetDependency */,
			);
			name = RainyShineUITests;
			productName = RainyShineUITests;
			productReference = 9B3329A11EDA12AF0095D60C /* RainyShineUITests.xctest */;
			productType = "com.apple.product-type.bundle.ui-testing";
		};
/* End PBXNativeTarget section */

/* Begin PBXProject section */
		9B33297A1EDA12AF0095D60C /* Project object */ = {
			isa = PBXProject;
			attributes = {
				LastSwiftUpdateCheck = 0830;
				LastUpgradeCheck = 0830;
				ORGANIZATIONNAME = Madhusudhan;
				TargetAttributes = {
					9B3329811EDA12AF0095D60C = {
						CreatedOnToolsVersion = 8.3.2;
						DevelopmentTeam = LXKYY3Z6TA;
						ProvisioningStyle = Automatic;
					};
					9B3329951EDA12AF0095D60C = {
						CreatedOnToolsVersion = 8.3.2;
						DevelopmentTeam = LXKYY3Z6TA;
						ProvisioningStyle = Automatic;
						TestTargetID = 9B3329811EDA12AF0095D60C;
					};
					9B3329A01EDA12AF0095D60C = {
						CreatedOnToolsVersion = 8.3.2;
						DevelopmentTeam = LXKYY3Z6TA;
						ProvisioningStyle = Automatic;
						TestTargetID = 9B3329811EDA12AF0095D60C;
					};
				};
			};
			buildConfigurationList = 9B33297D1EDA12AF0095D60C /* Build configuration list for PBXProject "RainyShine" */;
			compatibilityVersion = "Xcode 3.2";
			developmentRegion = English;
			hasScannedForEncodings = 0;
			knownRegions = (
				en,
				Base,
			);
			mainGroup = 9B3329791EDA12AF0095D60C;
			productRefGroup = 9B3329831EDA12AF0095D60C /* Products */;
			projectDirPath = "";
			projectRoot = "";
			targets = (
				9B3329811EDA12AF0095D60C /* RainyShine */,
				9B3329951EDA12AF0095D60C /* RainyShineTests */,
				9B3329A01EDA12AF0095D60C /* RainyShineUITests */,
			);
		};
/* End PBXProject section */

/* Begin PBXResourcesBuildPhase section */
		9B3329801EDA12AF0095D60C /* Resources */ = {
			isa = PBXResourcesBuildPhase;
			buildActionMask = 2147483647;
			files = (
				9B3329901EDA12AF0095D60C /* LaunchScreen.storyboard in Resources */,
				9B33298D1EDA12AF0095D60C /* Assets.xcassets in Resources */,
				9B33298B1EDA12AF0095D60C /* Main.storyboard in Resources */,
			);
			runOnlyForDeploymentPostprocessing = 0;
		};
		9B3329941EDA12AF0095D60C /* Resources */ = {
			isa = PBXResourcesBuildPhase;
			buildActionMask = 2147483647;
			files = (
			);
			runOnlyForDeploymentPostprocessing = 0;
		};
		9B33299F1EDA12AF0095D60C /* Resources */ = {
			isa = PBXResourcesBuildPhase;
			buildActionMask = 2147483647;
			files = (
			);
			runOnlyForDeploymentPostprocessing = 0;
		};
/* End PBXResourcesBuildPhase section */

/* Begin PBXShellScriptBuildPhase section */
		13B814C3F7BC2A4D8F679E1D /* [CP] Copy Pods Resources */ = {
			isa = PBXShellScriptBuildPhase;
			buildActionMask = 2147483647;
			files = (
			);
			inputPaths = (
			);
			name = "[CP] Copy Pods Resources";
			outputPaths = (
			);
			runOnlyForDeploymentPostprocessing = 0;
			shellPath = /bin/sh;
			shellScript = "\"${SRCROOT}/Pods/Target Support Files/Pods-RainyShineTests/Pods-RainyShineTests-resources.sh\"\n";
			showEnvVarsInLog = 0;
		};
		21D446CD7B8182560E462A07 /* [CP] Embed Pods Frameworks */ = {
			isa = PBXShellScriptBuildPhase;
			buildActionMask = 2147483647;
			files = (
			);
			inputPaths = (
			);
			name = "[CP] Embed Pods Frameworks";
			outputPaths = (
			);
			runOnlyForDeploymentPostprocessing = 0;
			shellPath = /bin/sh;
			shellScript = "\"${SRCROOT}/Pods/Target Support Files/Pods-RainyShine/Pods-RainyShine-frameworks.sh\"\n";
			showEnvVarsInLog = 0;
		};
		2AA2D242FDF7991E34A7F276 /* [CP] Copy Pods Resources */ = {
			isa = PBXShellScriptBuildPhase;
			buildActionMask = 2147483647;
			files = (
			);
			inputPaths = (
			);
			name = "[CP] Copy Pods Resources";
			outputPaths = (
			);
			runOnlyForDeploymentPostprocessing = 0;
			shellPath = /bin/sh;
			shellScript = "\"${SRCROOT}/Pods/Target Support Files/Pods-RainyShine/Pods-RainyShine-resources.sh\"\n";
			showEnvVarsInLog = 0;
		};
		3A3C76B1CB8148E9DE956BBA /* [CP] Check Pods Manifest.lock */ = {
			isa = PBXShellScriptBuildPhase;
			buildActionMask = 2147483647;
			files = (
			);
			inputPaths = (
			);
			name = "[CP] Check Pods Manifest.lock";
			outputPaths = (
			);
			runOnlyForDeploymentPostprocessing = 0;
			shellPath = /bin/sh;
			shellScript = "diff \"${PODS_PODFILE_DIR_PATH}/Podfile.lock\" \"${PODS_ROOT}/Manifest.lock\" > /dev/null\nif [ $? != 0 ] ; then\n    # print error to STDERR\n    echo \"error: The sandbox is not in sync with the Podfile.lock. Run 'pod install' or update your CocoaPods installation.\" >&2\n    exit 1\nfi\n";
			showEnvVarsInLog = 0;
		};
		7760DC7241268AD979710D61 /* [CP] Check Pods Manifest.lock */ = {
			isa = PBXShellScriptBuildPhase;
			buildActionMask = 2147483647;
			files = (
			);
			inputPaths = (
			);
			name = "[CP] Check Pods Manifest.lock";
			outputPaths = (
			);
			runOnlyForDeploymentPostprocessing = 0;
			shellPath = /bin/sh;
			shellScript = "diff \"${PODS_PODFILE_DIR_PATH}/Podfile.lock\" \"${PODS_ROOT}/Manifest.lock\" > /dev/null\nif [ $? != 0 ] ; then\n    # print error to STDERR\n    echo \"error: The sandbox is not in sync with the Podfile.lock. Run 'pod install' or update your CocoaPods installation.\" >&2\n    exit 1\nfi\n";
			showEnvVarsInLog = 0;
		};
		A68966551399BFE03C520DD4 /* [CP] Copy Pods Resources */ = {
			isa = PBXShellScriptBuildPhase;
			buildActionMask = 2147483647;
			files = (
			);
			inputPaths = (
			);
			name = "[CP] Copy Pods Resources";
			outputPaths = (
			);
			runOnlyForDeploymentPostprocessing = 0;
			shellPath = /bin/sh;
			shellScript = "\"${SRCROOT}/Pods/Target Support Files/Pods-RainyShineUITests/Pods-RainyShineUITests-resources.sh\"\n";
			showEnvVarsInLog = 0;
		};
		E91F17CD8CFC5A0177B2DAEF /* [CP] Check Pods Manifest.lock */ = {
			isa = PBXShellScriptBuildPhase;
			buildActionMask = 2147483647;
			files = (
			);
			inputPaths = (
			);
			name = "[CP] Check Pods Manifest.lock";
			outputPaths = (
			);
			runOnlyForDeploymentPostprocessing = 0;
			shellPath = /bin/sh;
			shellScript = "diff \"${PODS_PODFILE_DIR_PATH}/Podfile.lock\" \"${PODS_ROOT}/Manifest.lock\" > /dev/null\nif [ $? != 0 ] ; then\n    # print error to STDERR\n    echo \"error: The sandbox is not in sync with the Podfile.lock. Run 'pod install' or update your CocoaPods installation.\" >&2\n    exit 1\nfi\n";
			showEnvVarsInLog = 0;
		};
		F3BF4B0B33E08FEA84BF3594 /* [CP] Embed Pods Frameworks */ = {
			isa = PBXShellScriptBuildPhase;
			buildActionMask = 2147483647;
			files = (
			);
			inputPaths = (
			);
			name = "[CP] Embed Pods Frameworks";
			outputPaths = (
			);
			runOnlyForDeploymentPostprocessing = 0;
			shellPath = /bin/sh;
			shellScript = "\"${SRCROOT}/Pods/Target Support Files/Pods-RainyShineUITests/Pods-RainyShineUITests-frameworks.sh\"\n";
			showEnvVarsInLog = 0;
		};
		FB600364E279F39DDE359476 /* [CP] Embed Pods Frameworks */ = {
			isa = PBXShellScriptBuildPhase;
			buildActionMask = 2147483647;
			files = (
			);
			inputPaths = (
			);
			name = "[CP] Embed Pods Frameworks";
			outputPaths = (
			);
			runOnlyForDeploymentPostprocessing = 0;
			shellPath = /bin/sh;
			shellScript = "\"${SRCROOT}/Pods/Target Support Files/Pods-RainyShineTests/Pods-RainyShineTests-frameworks.sh\"\n";
			showEnvVarsInLog = 0;
		};
/* End PBXShellScriptBuildPhase section */

/* Begin PBXSourcesBuildPhase section */
		9B33297E1EDA12AF0095D60C /* Sources */ = {
			isa = PBXSourcesBuildPhase;
			buildActionMask = 2147483647;
			files = (
				9B3329881EDA12AF0095D60C /* ViewController.swift in Sources */,
				9B3329861EDA12AF0095D60C /* AppDelegate.swift in Sources */,
			);
			runOnlyForDeploymentPostprocessing = 0;
		};
		9B3329921EDA12AF0095D60C /* Sources */ = {
			isa = PBXSourcesBuildPhase;
			buildActionMask = 2147483647;
			files = (
				9B33299B1EDA12AF0095D60C /* RainyShineTests.swift in Sources */,
			);
			runOnlyForDeploymentPostprocessing = 0;
		};
		9B33299D1EDA12AF0095D60C /* Sources */ = {
			isa = PBXSourcesBuildPhase;
			buildActionMask = 2147483647;
			files = (
				9B3329A61EDA12AF0095D60C /* RainyShineUITests.swift in Sources */,
			);
			runOnlyForDeploymentPostprocessing = 0;
		};
/* End PBXSourcesBuildPhase section */

/* Begin PBXTargetDependency section */
		9B3329981EDA12AF0095D60C /* PBXTargetDependency */ = {
			isa = PBXTargetDependency;
			target = 9B3329811EDA12AF0095D60C /* RainyShine */;
			targetProxy = 9B3329971EDA12AF0095D60C /* PBXContainerItemProxy */;
		};
		9B3329A31EDA12AF0095D60C /* PBXTargetDependency */ = {
			isa = PBXTargetDependency;
			target = 9B3329811EDA12AF0095D60C /* RainyShine */;
			targetProxy = 9B3329A21EDA12AF0095D60C /* PBXContainerItemProxy */;
		};
/* End PBXTargetDependency section */

/* Begin PBXVariantGroup section */
		9B3329891EDA12AF0095D60C /* Main.storyboard */ = {
			isa = PBXVariantGroup;
			children = (
				9B33298A1EDA12AF0095D60C /* Base */,
			);
			name = Main.storyboard;
			sourceTree = "<group>";
		};
		9B33298E1EDA12AF0095D60C /* LaunchScreen.storyboard */ = {
			isa = PBXVariantGroup;
			children = (
				9B33298F1EDA12AF0095D60C /* Base */,
			);
			name = LaunchScreen.storyboard;
			sourceTree = "<group>";
		};
/* End PBXVariantGroup section */

/* Begin XCBuildConfiguration section */
		9B3329A81EDA12AF0095D60C /* Debug */ = {
			isa = XCBuildConfiguration;
			buildSettings = {
				ALWAYS_SEARCH_USER_PATHS = NO;
				CLANG_ANALYZER_NONNULL = YES;
				CLANG_ANALYZER_NUMBER_OBJECT_CONVERSION = YES_AGGRESSIVE;
				CLANG_CXX_LANGUAGE_STANDARD = "gnu++0x";
				CLANG_CXX_LIBRARY = "libc++";
				CLANG_ENABLE_MODULES = YES;
				CLANG_ENABLE_OBJC_ARC = YES;
				CLANG_WARN_BOOL_CONVERSION = YES;
				CLANG_WARN_CONSTANT_CONVERSION = YES;
				CLANG_WARN_DIRECT_OBJC_ISA_USAGE = YES_ERROR;
				CLANG_WARN_DOCUMENTATION_COMMENTS = YES;
				CLANG_WARN_EMPTY_BODY = YES;
				CLANG_WARN_ENUM_CONVERSION = YES;
				CLANG_WARN_INFINITE_RECURSION = YES;
				CLANG_WARN_INT_CONVERSION = YES;
				CLANG_WARN_OBJC_ROOT_CLASS = YES_ERROR;
				CLANG_WARN_SUSPICIOUS_MOVE = YES;
				CLANG_WARN_UNREACHABLE_CODE = YES;
				CLANG_WARN__DUPLICATE_METHOD_MATCH = YES;
				"CODE_SIGN_IDENTITY[sdk=iphoneos*]" = "iPhone Developer";
				COPY_PHASE_STRIP = NO;
				DEBUG_INFORMATION_FORMAT = dwarf;
				ENABLE_STRICT_OBJC_MSGSEND = YES;
				ENABLE_TESTABILITY = YES;
				GCC_C_LANGUAGE_STANDARD = gnu99;
				GCC_DYNAMIC_NO_PIC = NO;
				GCC_NO_COMMON_BLOCKS = YES;
				GCC_OPTIMIZATION_LEVEL = 0;
				GCC_PREPROCESSOR_DEFINITIONS = (
					"DEBUG=1",
					"$(inherited)",
				);
				GCC_WARN_64_TO_32_BIT_CONVERSION = YES;
				GCC_WARN_ABOUT_RETURN_TYPE = YES_ERROR;
				GCC_WARN_UNDECLARED_SELECTOR = YES;
				GCC_WARN_UNINITIALIZED_AUTOS = YES_AGGRESSIVE;
				GCC_WARN_UNUSED_FUNCTION = YES;
				GCC_WARN_UNUSED_VARIABLE = YES;
				IPHONEOS_DEPLOYMENT_TARGET = 10.3;
				MTL_ENABLE_DEBUG_INFO = YES;
				ONLY_ACTIVE_ARCH = YES;
				SDKROOT = iphoneos;
				SWIFT_ACTIVE_COMPILATION_CONDITIONS = DEBUG;
				SWIFT_OPTIMIZATION_LEVEL = "-Onone";
				TARGETED_DEVICE_FAMILY = "1,2";
			};
			name = Debug;
		};
		9B3329A91EDA12AF0095D60C /* Release */ = {
			isa = XCBuildConfiguration;
			buildSettings = {
				ALWAYS_SEARCH_USER_PATHS = NO;
				CLANG_ANALYZER_NONNULL = YES;
				CLANG_ANALYZER_NUMBER_OBJECT_CONVERSION = YES_AGGRESSIVE;
				CLANG_CXX_LANGUAGE_STANDARD = "gnu++0x";
				CLANG_CXX_LIBRARY = "libc++";
				CLANG_ENABLE_MODULES = YES;
				CLANG_ENABLE_OBJC_ARC = YES;
				CLANG_WARN_BOOL_CONVERSION = YES;
				CLANG_WARN_CONSTANT_CONVERSION = YES;
				CLANG_WARN_DIRECT_OBJC_ISA_USAGE = YES_ERROR;
				CLANG_WARN_DOCUMENTATION_COMMENTS = YES;
				CLANG_WARN_EMPTY_BODY = YES;
				CLANG_WARN_ENUM_CONVERSION = YES;
				CLANG_WARN_INFINITE_RECURSION = YES;
				CLANG_WARN_INT_CONVERSION = YES;
				CLANG_WARN_OBJC_ROOT_CLASS = YES_ERROR;
				CLANG_WARN_SUSPICIOUS_MOVE = YES;
				CLANG_WARN_UNREACHABLE_CODE = YES;
				CLANG_WARN__DUPLICATE_METHOD_MATCH = YES;
				"CODE_SIGN_IDENTITY[sdk=iphoneos*]" = "iPhone Developer";
				COPY_PHASE_STRIP = NO;
				DEBUG_INFORMATION_FORMAT = "dwarf-with-dsym";
				ENABLE_NS_ASSERTIONS = NO;
				ENABLE_STRICT_OBJC_MSGSEND = YES;
				GCC_C_LANGUAGE_STANDARD = gnu99;
				GCC_NO_COMMON_BLOCKS = YES;
				GCC_WARN_64_TO_32_BIT_CONVERSION = YES;
				GCC_WARN_ABOUT_RETURN_TYPE = YES_ERROR;
				GCC_WARN_UNDECLARED_SELECTOR = YES;
				GCC_WARN_UNINITIALIZED_AUTOS = YES_AGGRESSIVE;
				GCC_WARN_UNUSED_FUNCTION = YES;
				GCC_WARN_UNUSED_VARIABLE = YES;
				IPHONEOS_DEPLOYMENT_TARGET = 10.3;
				MTL_ENABLE_DEBUG_INFO = NO;
				SDKROOT = iphoneos;
				SWIFT_OPTIMIZATION_LEVEL = "-Owholemodule";
				TARGETED_DEVICE_FAMILY = "1,2";
				VALIDATE_PRODUCT = YES;
			};
			name = Release;
		};
		9B3329AB1EDA12AF0095D60C /* Debug */ = {
			isa = XCBuildConfiguration;
			baseConfigurationReference = 428C6F7D354D6177A5F3F2C1 /* Pods-RainyShine.debug.xcconfig */;
			buildSettings = {
				ASSETCATALOG_COMPILER_APPICON_NAME = AppIcon;
				DEVELOPMENT_TEAM = LXKYY3Z6TA;
				INFOPLIST_FILE = RainyShine/Info.plist;
				LD_RUNPATH_SEARCH_PATHS = "$(inherited) @executable_path/Frameworks";
				PRODUCT_BUNDLE_IDENTIFIER = com.madhusudhanbr.RainyShine;
				PRODUCT_NAME = "$(TARGET_NAME)";
				SWIFT_VERSION = 3.0;
				TARGETED_DEVICE_FAMILY = 1;
			};
			name = Debug;
		};
		9B3329AC1EDA12AF0095D60C /* Release */ = {
			isa = XCBuildConfiguration;
			baseConfigurationReference = 50438D50C74EA810C84EA8A7 /* Pods-RainyShine.release.xcconfig */;
			buildSettings = {
				ASSETCATALOG_COMPILER_APPICON_NAME = AppIcon;
				DEVELOPMENT_TEAM = LXKYY3Z6TA;
				INFOPLIST_FILE = RainyShine/Info.plist;
				LD_RUNPATH_SEARCH_PATHS = "$(inherited) @executable_path/Frameworks";
				PRODUCT_BUNDLE_IDENTIFIER = com.madhusudhanbr.RainyShine;
				PRODUCT_NAME = "$(TARGET_NAME)";
				SWIFT_VERSION = 3.0;
				TARGETED_DEVICE_FAMILY = 1;
			};
			name = Release;
		};
		9B3329AE1EDA12AF0095D60C /* Debug */ = {
			isa = XCBuildConfiguration;
			baseConfigurationReference = 32EC1D6780AF038FF7A55D15 /* Pods-RainyShineTests.debug.xcconfig */;
			buildSettings = {
				ALWAYS_EMBED_SWIFT_STANDARD_LIBRARIES = YES;
				BUNDLE_LOADER = "$(TEST_HOST)";
				DEVELOPMENT_TEAM = LXKYY3Z6TA;
				INFOPLIST_FILE = RainyShineTests/Info.plist;
				LD_RUNPATH_SEARCH_PATHS = "$(inherited) @executable_path/Frameworks @loader_path/Frameworks";
				PRODUCT_BUNDLE_IDENTIFIER = com.madhusudhanbr.RainyShineTests;
				PRODUCT_NAME = "$(TARGET_NAME)";
				SWIFT_VERSION = 3.0;
				TEST_HOST = "$(BUILT_PRODUCTS_DIR)/RainyShine.app/RainyShine";
			};
			name = Debug;
		};
		9B3329AF1EDA12AF0095D60C /* Release */ = {
			isa = XCBuildConfiguration;
			baseConfigurationReference = 4BC7040420D4DA3DCEBD3D71 /* Pods-RainyShineTests.release.xcconfig */;
			buildSettings = {
				ALWAYS_EMBED_SWIFT_STANDARD_LIBRARIES = YES;
				BUNDLE_LOADER = "$(TEST_HOST)";
				DEVELOPMENT_TEAM = LXKYY3Z6TA;
				INFOPLIST_FILE = RainyShineTests/Info.plist;
				LD_RUNPATH_SEARCH_PATHS = "$(inherited) @executable_path/Frameworks @loader_path/Frameworks";
				PRODUCT_BUNDLE_IDENTIFIER = com.madhusudhanbr.RainyShineTests;
				PRODUCT_NAME = "$(TARGET_NAME)";
				SWIFT_VERSION = 3.0;
				TEST_HOST = "$(BUILT_PRODUCTS_DIR)/RainyShine.app/RainyShine";
			};
			name = Release;
		};
		9B3329B11EDA12AF0095D60C /* Debug */ = {
			isa = XCBuildConfiguration;
			baseConfigurationReference = 8817AFF109FBE16C79470736 /* Pods-RainyShineUITests.debug.xcconfig */;
			buildSettings = {
				ALWAYS_EMBED_SWIFT_STANDARD_LIBRARIES = YES;
				DEVELOPMENT_TEAM = LXKYY3Z6TA;
				INFOPLIST_FILE = RainyShineUITests/Info.plist;
				LD_RUNPATH_SEARCH_PATHS = "$(inherited) @executable_path/Frameworks @loader_path/Frameworks";
				PRODUCT_BUNDLE_IDENTIFIER = com.madhusudhanbr.RainyShineUITests;
				PRODUCT_NAME = "$(TARGET_NAME)";
				SWIFT_VERSION = 3.0;
				TEST_TARGET_NAME = RainyShine;
			};
			name = Debug;
		};
		9B3329B21EDA12AF0095D60C /* Release */ = {
			isa = XCBuildConfiguration;
			baseConfigurationReference = 4B2C003353B1D7C690D49D06 /* Pods-RainyShineUITests.release.xcconfig */;
			buildSettings = {
				ALWAYS_EMBED_SWIFT_STANDARD_LIBRARIES = YES;
				DEVELOPMENT_TEAM = LXKYY3Z6TA;
				INFOPLIST_FILE = RainyShineUITests/Info.plist;
				LD_RUNPATH_SEARCH_PATHS = "$(inherited) @executable_path/Frameworks @loader_path/Frameworks";
				PRODUCT_BUNDLE_IDENTIFIER = com.madhusudhanbr.RainyShineUITests;
				PRODUCT_NAME = "$(TARGET_NAME)";
				SWIFT_VERSION = 3.0;
				TEST_TARGET_NAME = RainyShine;
			};
			name = Release;
		};
/* End XCBuildConfiguration section */

/* Begin XCConfigurationList section */
		9B33297D1EDA12AF0095D60C /* Build configuration list for PBXProject "RainyShine" */ = {
			isa = XCConfigurationList;
			buildConfigurations = (
				9B3329A81EDA12AF0095D60C /* Debug */,
				9B3329A91EDA12AF0095D60C /* Release */,
			);
			defaultConfigurationIsVisible = 0;
			defaultConfigurationName = Release;
		};
		9B3329AA1EDA12AF0095D60C /* Build configuration list for PBXNativeTarget "RainyShine" */ = {
			isa = XCConfigurationList;
			buildConfigurations = (
				9B3329AB1EDA12AF0095D60C /* Debug */,
				9B3329AC1EDA12AF0095D60C /* Release */,
			);
			defaultConfigurationIsVisible = 0;
		};
		9B3329AD1EDA12AF0095D60C /* Build configuration list for PBXNativeTarget "RainyShineTests" */ = {
			isa = XCConfigurationList;
			buildConfigurations = (
				9B3329AE1EDA12AF0095D60C /* Debug */,
				9B3329AF1EDA12AF0095D60C /* Release */,
			);
			defaultConfigurationIsVisible = 0;
		};
		9B3329B01EDA12AF0095D60C /* Build configuration list for PBXNativeTarget "RainyShineUITests" */ = {
			isa = XCConfigurationList;
			buildConfigurations = (
				9B3329B11EDA12AF0095D60C /* Debug */,
				9B3329B21EDA12AF0095D60C /* Release */,
			);
			defaultConfigurationIsVisible = 0;
		};
/* End XCConfigurationList section */
	};
	rootObject = 9B33297A1EDA12AF0095D60C /* Project object */;
}
